
Microsoft Visual Studio Solution File, Format Version 12.00
# Visual Studio Version 17
VisualStudioVersion = 17.8.34330.188
MinimumVisualStudioVersion = 10.0.40219.1
Project("{FAE04EC0-301F-11D3-BF4B-00C04F79EFBC}") = "ObserverDesign", "ObserverDesign\ObserverDesign.csproj", "{DCAEC64A-D168-450C-BC74-92A6703F6EA8}"
EndProject
Global
	GlobalSection(SolutionConfigurationPlatforms) = preSolution
		Debug|Any CPU = Debug|Any CPU
		Release|Any CPU = Release|Any CPU
	EndGlobalSection
	GlobalSection(ProjectConfigurationPlatforms) = postSolution
		{DCAEC64A-D168-450C-BC74-92A6703F6EA8}.Debug|Any CPU.ActiveCfg = Debug|Any CPU
		{DCAEC64A-D168-450C-BC74-92A6703F6EA8}.Debug|Any CPU.Build.0 = Debug|Any CPU
		{DCAEC64A-D168-450C-BC74-92A6703F6EA8}.Release|Any CPU.ActiveCfg = Release|Any CPU
		{DCAEC64A-D168-450C-BC74-92A6703F6EA8}.Release|Any CPU.Build.0 = Release|Any CPU
	EndGlobalSection
	GlobalSection(SolutionProperties) = preSolution
		HideSolutionNode = FALSE
	EndGlobalSection
	GlobalSection(ExtensibilityGlobals) = postSolution
		SolutionGuid = {A606BAAC-1B75-4726-A3B1-4E22F1363D75}
	EndGlobalSection
EndGlobal
